// !$*UTF8*$!
{
	archiveVersion = 1;
	classes = {
	};
	objectVersion = 56;
	objects = {

/* Begin PBXBuildFile section */
		4BC58D39A7442CA7439B8776 /* Pods_WhatsApp.framework in Frameworks */ = {isa = PBXBuildFile; fileRef = 236FC6E583B8C0D70EB87145 /* Pods_WhatsApp.framework */; };
		A91824B62CC624540036D99D /* SettingsHeaderView.swift in Sources */ = {isa = PBXBuildFile; fileRef = A91824B52CC624540036D99D /* SettingsHeaderView.swift */; };
		A91824BD2CC62F2E0036D99D /* WhatsAppSettingsTableViewCell.xib in Resources */ = {isa = PBXBuildFile; fileRef = A91824BC2CC62F2E0036D99D /* WhatsAppSettingsTableViewCell.xib */; };
		A91824BE2CC62F2E0036D99D /* WhatsAppSettingsTableViewCell.swift in Sources */ = {isa = PBXBuildFile; fileRef = A91824BB2CC62F2E0036D99D /* WhatsAppSettingsTableViewCell.swift */; };
		A91824C22CC633740036D99D /* WhatsAppTabBarController.swift in Sources */ = {isa = PBXBuildFile; fileRef = A91824C12CC633740036D99D /* WhatsAppTabBarController.swift */; };
		A91824C72CC657360036D99D /* WhatsAppAccountViewController.swift in Sources */ = {isa = PBXBuildFile; fileRef = A91824C62CC657360036D99D /* WhatsAppAccountViewController.swift */; };
		A91824CA2CC676900036D99D /* WhatsAppAccountTableViewCell.xib in Resources */ = {isa = PBXBuildFile; fileRef = A91824C92CC676900036D99D /* WhatsAppAccountTableViewCell.xib */; };
		A91824CB2CC676900036D99D /* WhatsAppAccountTableViewCell.swift in Sources */ = {isa = PBXBuildFile; fileRef = A91824C82CC676900036D99D /* WhatsAppAccountTableViewCell.swift */; };
		A91824D12CC685800036D99D /* ChatSettingsViewController.swift in Sources */ = {isa = PBXBuildFile; fileRef = A91824D02CC685800036D99D /* ChatSettingsViewController.swift */; };
		A91824D62CC689F80036D99D /* Settings.swift in Sources */ = {isa = PBXBuildFile; fileRef = A91824D52CC689F80036D99D /* Settings.swift */; };
		A92065F82CC0E00F00A25C76 /* ChatViewController.swift in Sources */ = {isa = PBXBuildFile; fileRef = A92065F72CC0E00F00A25C76 /* ChatViewController.swift */; };
		A9415CB72CC617520066DCFB /* WhatsAppSettingsViewController.swift in Sources */ = {isa = PBXBuildFile; fileRef = A9415CB62CC617520066DCFB /* WhatsAppSettingsViewController.swift */; };
		A9415CB92CC6183D0066DCFB /* WhatsAppSetting.swift in Sources */ = {isa = PBXBuildFile; fileRef = A9415CB82CC6183D0066DCFB /* WhatsAppSetting.swift */; };
		A9415CBE2CC623FD0066DCFB /* SettingsHeaderView.xib in Resources */ = {isa = PBXBuildFile; fileRef = A9415CBD2CC623FD0066DCFB /* SettingsHeaderView.xib */; };
		A94F42F12CC2331C006EEB7C /* WhatsAppContactInfoViewController.swift in Sources */ = {isa = PBXBuildFile; fileRef = A94F42F02CC2331C006EEB7C /* WhatsAppContactInfoViewController.swift */; };
		A94F42F32CC23554006EEB7C /* HeaderView.xib in Resources */ = {isa = PBXBuildFile; fileRef = A94F42F22CC23554006EEB7C /* HeaderView.xib */; };
		A94F42F52CC2381B006EEB7C /* HeaderView.swift in Sources */ = {isa = PBXBuildFile; fileRef = A94F42F42CC2381B006EEB7C /* HeaderView.swift */; };
		A94F42F82CC24D7D006EEB7C /* ContactInfoTableViewCell.swift in Sources */ = {isa = PBXBuildFile; fileRef = A94F42F62CC24D7D006EEB7C /* ContactInfoTableViewCell.swift */; };
		A94F42F92CC24D7D006EEB7C /* ContactInfoTableViewCell.xib in Resources */ = {isa = PBXBuildFile; fileRef = A94F42F72CC24D7D006EEB7C /* ContactInfoTableViewCell.xib */; };
		A94F42FB2CC250F0006EEB7C /* ContactInfo.swift in Sources */ = {isa = PBXBuildFile; fileRef = A94F42FA2CC250F0006EEB7C /* ContactInfo.swift */; };
		A993F22C2CBE6B3500490B6D /* WhatsAppChatsViewController.swift in Sources */ = {isa = PBXBuildFile; fileRef = A993F22B2CBE6B3500490B6D /* WhatsAppChatsViewController.swift */; };
		A993F22E2CBE7C2A00490B6D /* Chats.swift in Sources */ = {isa = PBXBuildFile; fileRef = A993F22D2CBE7C2A00490B6D /* Chats.swift */; };
		A993F2312CBE7F1700490B6D /* ChatsTableViewCell.xib in Resources */ = {isa = PBXBuildFile; fileRef = A993F2302CBE7F1700490B6D /* ChatsTableViewCell.xib */; };
		A993F2322CBE7F1700490B6D /* ChatsTableViewCell.swift in Sources */ = {isa = PBXBuildFile; fileRef = A993F22F2CBE7F1700490B6D /* ChatsTableViewCell.swift */; };
		A993F2342CBE827300490B6D /* CellConstant.swift in Sources */ = {isa = PBXBuildFile; fileRef = A993F2332CBE827300490B6D /* CellConstant.swift */; };
		A993F2452CBE871000490B6D /* COPYRIGHT.txt in Resources */ = {isa = PBXBuildFile; fileRef = A993F2362CBE871000490B6D /* COPYRIGHT.txt */; };
		A993F2462CBE871000490B6D /* SFPro_Font_License.rtf in Resources */ = {isa = PBXBuildFile; fileRef = A993F2372CBE871000490B6D /* SFPro_Font_License.rtf */; };
		A993F2472CBE871000490B6D /* SFProText-Bold.ttf in Resources */ = {isa = PBXBuildFile; fileRef = A993F2382CBE871000490B6D /* SFProText-Bold.ttf */; };
		A993F2482CBE871000490B6D /* SFProText-BoldItalic.ttf in Resources */ = {isa = PBXBuildFile; fileRef = A993F2392CBE871000490B6D /* SFProText-BoldItalic.ttf */; };
		A993F2492CBE871000490B6D /* SFProText-Heavy.ttf in Resources */ = {isa = PBXBuildFile; fileRef = A993F23A2CBE871000490B6D /* SFProText-Heavy.ttf */; };
		A993F24A2CBE871000490B6D /* SFProText-HeavyItalic.ttf in Resources */ = {isa = PBXBuildFile; fileRef = A993F23B2CBE871000490B6D /* SFProText-HeavyItalic.ttf */; };
		A993F24B2CBE871000490B6D /* SFProText-Light.ttf in Resources */ = {isa = PBXBuildFile; fileRef = A993F23C2CBE871000490B6D /* SFProText-Light.ttf */; };
		A993F24C2CBE871000490B6D /* SFProText-LightItalic.ttf in Resources */ = {isa = PBXBuildFile; fileRef = A993F23D2CBE871000490B6D /* SFProText-LightItalic.ttf */; };
		A993F24D2CBE871000490B6D /* SFProText-Medium.ttf in Resources */ = {isa = PBXBuildFile; fileRef = A993F23E2CBE871000490B6D /* SFProText-Medium.ttf */; };
		A993F24E2CBE871000490B6D /* SFProText-MediumItalic.ttf in Resources */ = {isa = PBXBuildFile; fileRef = A993F23F2CBE871000490B6D /* SFProText-MediumItalic.ttf */; };
		A993F24F2CBE871000490B6D /* SFProText-Regular.ttf in Resources */ = {isa = PBXBuildFile; fileRef = A993F2402CBE871000490B6D /* SFProText-Regular.ttf */; };
		A993F2502CBE871000490B6D /* SFProText-RegularItalic.ttf in Resources */ = {isa = PBXBuildFile; fileRef = A993F2412CBE871000490B6D /* SFProText-RegularItalic.ttf */; };
		A993F2512CBE871000490B6D /* SFProText-Semibold.ttf in Resources */ = {isa = PBXBuildFile; fileRef = A993F2422CBE871000490B6D /* SFProText-Semibold.ttf */; };
		A993F2522CBE871000490B6D /* SFProText-SemiboldItalic.ttf in Resources */ = {isa = PBXBuildFile; fileRef = A993F2432CBE871000490B6D /* SFProText-SemiboldItalic.ttf */; };
		A9DF6EDB2CC76A9F0044C0AC /* SettingsTableViewCell.swift in Sources */ = {isa = PBXBuildFile; fileRef = A9DF6ED92CC76A9F0044C0AC /* SettingsTableViewCell.swift */; };
		A9DF6EDC2CC76A9F0044C0AC /* SettingsTableViewCell.xib in Resources */ = {isa = PBXBuildFile; fileRef = A9DF6EDA2CC76A9F0044C0AC /* SettingsTableViewCell.xib */; };
		A9F3D7972CBFC90400E541DF /* WhatsAppCall.swift in Sources */ = {isa = PBXBuildFile; fileRef = A9F3D7962CBFC90400E541DF /* WhatsAppCall.swift */; };
		A9F3D79B2CBFC97400E541DF /* WhatsAppCallViewController.swift in Sources */ = {isa = PBXBuildFile; fileRef = A9F3D79A2CBFC97400E541DF /* WhatsAppCallViewController.swift */; };
		A9F3D79E2CBFC9EA00E541DF /* WhatsAppCallTableViewCell.xib in Resources */ = {isa = PBXBuildFile; fileRef = A9F3D79D2CBFC9EA00E541DF /* WhatsAppCallTableViewCell.xib */; };
		A9F3D79F2CBFC9EA00E541DF /* WhatsAppCallTableViewCell.swift in Sources */ = {isa = PBXBuildFile; fileRef = A9F3D79C2CBFC9EA00E541DF /* WhatsAppCallTableViewCell.swift */; };
		A9F4C9272CBCF2E30003CF24 /* AppDelegate.swift in Sources */ = {isa = PBXBuildFile; fileRef = A9F4C9262CBCF2E30003CF24 /* AppDelegate.swift */; };
		A9F4C9292CBCF2E30003CF24 /* SceneDelegate.swift in Sources */ = {isa = PBXBuildFile; fileRef = A9F4C9282CBCF2E30003CF24 /* SceneDelegate.swift */; };
		A9F4C92E2CBCF2E30003CF24 /* Base in Resources */ = {isa = PBXBuildFile; fileRef = A9F4C92D2CBCF2E30003CF24 /* Base */; };
		A9F4C9312CBCF2E30003CF24 /* WhatsApp.xcdatamodeld in Sources */ = {isa = PBXBuildFile; fileRef = A9F4C92F2CBCF2E30003CF24 /* WhatsApp.xcdatamodeld */; };
		A9F4C9332CBCF2E50003CF24 /* Assets.xcassets in Resources */ = {isa = PBXBuildFile; fileRef = A9F4C9322CBCF2E50003CF24 /* Assets.xcassets */; };
		A9F4C9362CBCF2E50003CF24 /* Base in Resources */ = {isa = PBXBuildFile; fileRef = A9F4C9352CBCF2E50003CF24 /* Base */; };
		A9F4C9412CBCF2E60003CF24 /* WhatsAppTests.swift in Sources */ = {isa = PBXBuildFile; fileRef = A9F4C9402CBCF2E60003CF24 /* WhatsAppTests.swift */; };
		A9F4C94B2CBCF2E60003CF24 /* WhatsAppUITests.swift in Sources */ = {isa = PBXBuildFile; fileRef = A9F4C94A2CBCF2E60003CF24 /* WhatsAppUITests.swift */; };
		A9F4C94D2CBCF2E60003CF24 /* WhatsAppUITestsLaunchTests.swift in Sources */ = {isa = PBXBuildFile; fileRef = A9F4C94C2CBCF2E60003CF24 /* WhatsAppUITestsLaunchTests.swift */; };
		A9F4C96F2CBD39B60003CF24 /* AuthenticationViewController.swift in Sources */ = {isa = PBXBuildFile; fileRef = A9F4C96E2CBD39B60003CF24 /* AuthenticationViewController.swift */; };
		A9FD51562CBE407A007D076F /* GlobalConstants.swift in Sources */ = {isa = PBXBuildFile; fileRef = A9FD51552CBE407A007D076F /* GlobalConstants.swift */; };
		CC449E7E755A528C10127363 /* Pods_WhatsApp_WhatsAppUITests.framework in Frameworks */ = {isa = PBXBuildFile; fileRef = 55A617C921809E38A27EFE06 /* Pods_WhatsApp_WhatsAppUITests.framework */; };
		CC81397D9EA7B71AD656906C /* Pods_WhatsAppTests.framework in Frameworks */ = {isa = PBXBuildFile; fileRef = B3CA13AA5AEF363EAA66E761 /* Pods_WhatsAppTests.framework */; };
/* End PBXBuildFile section */

/* Begin PBXContainerItemProxy section */
		A9F4C93D2CBCF2E60003CF24 /* PBXContainerItemProxy */ = {
			isa = PBXContainerItemProxy;
			containerPortal = A9F4C91B2CBCF2E30003CF24 /* Project object */;
			proxyType = 1;
			remoteGlobalIDString = A9F4C9222CBCF2E30003CF24;
			remoteInfo = WhatsApp;
		};
		A9F4C9472CBCF2E60003CF24 /* PBXContainerItemProxy */ = {
			isa = PBXContainerItemProxy;
			containerPortal = A9F4C91B2CBCF2E30003CF24 /* Project object */;
			proxyType = 1;
			remoteGlobalIDString = A9F4C9222CBCF2E30003CF24;
			remoteInfo = WhatsApp;
		};
/* End PBXContainerItemProxy section */

/* Begin PBXFileReference section */
		11490C72F38C4131AB59C50D /* Pods-WhatsApp-WhatsAppUITests.debug.xcconfig */ = {isa = PBXFileReference; includeInIndex = 1; lastKnownFileType = text.xcconfig; name = "Pods-WhatsApp-WhatsAppUITests.debug.xcconfig"; path = "Target Support Files/Pods-WhatsApp-WhatsAppUITests/Pods-WhatsApp-WhatsAppUITests.debug.xcconfig"; sourceTree = "<group>"; };
		236FC6E583B8C0D70EB87145 /* Pods_WhatsApp.framework */ = {isa = PBXFileReference; explicitFileType = wrapper.framework; includeInIndex = 0; path = Pods_WhatsApp.framework; sourceTree = BUILT_PRODUCTS_DIR; };
		37DCAA361D235A68BCC48FC5 /* Pods-WhatsApp-WhatsAppUITests.release.xcconfig */ = {isa = PBXFileReference; includeInIndex = 1; lastKnownFileType = text.xcconfig; name = "Pods-WhatsApp-WhatsAppUITests.release.xcconfig"; path = "Target Support Files/Pods-WhatsApp-WhatsAppUITests/Pods-WhatsApp-WhatsAppUITests.release.xcconfig"; sourceTree = "<group>"; };
		55A617C921809E38A27EFE06 /* Pods_WhatsApp_WhatsAppUITests.framework */ = {isa = PBXFileReference; explicitFileType = wrapper.framework; includeInIndex = 0; path = Pods_WhatsApp_WhatsAppUITests.framework; sourceTree = BUILT_PRODUCTS_DIR; };
		58FEFD52988F41BED9864B49 /* Pods-WhatsAppTests.release.xcconfig */ = {isa = PBXFileReference; includeInIndex = 1; lastKnownFileType = text.xcconfig; name = "Pods-WhatsAppTests.release.xcconfig"; path = "Target Support Files/Pods-WhatsAppTests/Pods-WhatsAppTests.release.xcconfig"; sourceTree = "<group>"; };
		9B8350A02209240F9E454448 /* Pods-WhatsAppTests.debug.xcconfig */ = {isa = PBXFileReference; includeInIndex = 1; lastKnownFileType = text.xcconfig; name = "Pods-WhatsAppTests.debug.xcconfig"; path = "Target Support Files/Pods-WhatsAppTests/Pods-WhatsAppTests.debug.xcconfig"; sourceTree = "<group>"; };
		A91824B52CC624540036D99D /* SettingsHeaderView.swift */ = {isa = PBXFileReference; lastKnownFileType = sourcecode.swift; path = SettingsHeaderView.swift; sourceTree = "<group>"; };
		A91824BB2CC62F2E0036D99D /* WhatsAppSettingsTableViewCell.swift */ = {isa = PBXFileReference; lastKnownFileType = sourcecode.swift; path = WhatsAppSettingsTableViewCell.swift; sourceTree = "<group>"; };
		A91824BC2CC62F2E0036D99D /* WhatsAppSettingsTableViewCell.xib */ = {isa = PBXFileReference; lastKnownFileType = file.xib; path = WhatsAppSettingsTableViewCell.xib; sourceTree = "<group>"; };
		A91824C12CC633740036D99D /* WhatsAppTabBarController.swift */ = {isa = PBXFileReference; lastKnownFileType = sourcecode.swift; path = WhatsAppTabBarController.swift; sourceTree = "<group>"; };
		A91824C62CC657360036D99D /* WhatsAppAccountViewController.swift */ = {isa = PBXFileReference; lastKnownFileType = sourcecode.swift; path = WhatsAppAccountViewController.swift; sourceTree = "<group>"; };
		A91824C82CC676900036D99D /* WhatsAppAccountTableViewCell.swift */ = {isa = PBXFileReference; lastKnownFileType = sourcecode.swift; path = WhatsAppAccountTableViewCell.swift; sourceTree = "<group>"; };
		A91824C92CC676900036D99D /* WhatsAppAccountTableViewCell.xib */ = {isa = PBXFileReference; lastKnownFileType = file.xib; path = WhatsAppAccountTableViewCell.xib; sourceTree = "<group>"; };
		A91824D02CC685800036D99D /* ChatSettingsViewController.swift */ = {isa = PBXFileReference; lastKnownFileType = sourcecode.swift; path = ChatSettingsViewController.swift; sourceTree = "<group>"; };
		A91824D52CC689F80036D99D /* Settings.swift */ = {isa = PBXFileReference; lastKnownFileType = sourcecode.swift; path = Settings.swift; sourceTree = "<group>"; };
		A92065F72CC0E00F00A25C76 /* ChatViewController.swift */ = {isa = PBXFileReference; lastKnownFileType = sourcecode.swift; path = ChatViewController.swift; sourceTree = "<group>"; };
		A9415CB62CC617520066DCFB /* WhatsAppSettingsViewController.swift */ = {isa = PBXFileReference; lastKnownFileType = sourcecode.swift; path = WhatsAppSettingsViewController.swift; sourceTree = "<group>"; };
		A9415CB82CC6183D0066DCFB /* WhatsAppSetting.swift */ = {isa = PBXFileReference; lastKnownFileType = sourcecode.swift; path = WhatsAppSetting.swift; sourceTree = "<group>"; };
		A9415CBD2CC623FD0066DCFB /* SettingsHeaderView.xib */ = {isa = PBXFileReference; lastKnownFileType = file.xib; path = SettingsHeaderView.xib; sourceTree = "<group>"; };
		A94F42F02CC2331C006EEB7C /* WhatsAppContactInfoViewController.swift */ = {isa = PBXFileReference; lastKnownFileType = sourcecode.swift; path = WhatsAppContactInfoViewController.swift; sourceTree = "<group>"; };
		A94F42F22CC23554006EEB7C /* HeaderView.xib */ = {isa = PBXFileReference; lastKnownFileType = file.xib; path = HeaderView.xib; sourceTree = "<group>"; };
		A94F42F42CC2381B006EEB7C /* HeaderView.swift */ = {isa = PBXFileReference; lastKnownFileType = sourcecode.swift; path = HeaderView.swift; sourceTree = "<group>"; };
		A94F42F62CC24D7D006EEB7C /* ContactInfoTableViewCell.swift */ = {isa = PBXFileReference; lastKnownFileType = sourcecode.swift; path = ContactInfoTableViewCell.swift; sourceTree = "<group>"; };
		A94F42F72CC24D7D006EEB7C /* ContactInfoTableViewCell.xib */ = {isa = PBXFileReference; lastKnownFileType = file.xib; path = ContactInfoTableViewCell.xib; sourceTree = "<group>"; };
		A94F42FA2CC250F0006EEB7C /* ContactInfo.swift */ = {isa = PBXFileReference; lastKnownFileType = sourcecode.swift; path = ContactInfo.swift; sourceTree = "<group>"; };
		A993F22B2CBE6B3500490B6D /* WhatsAppChatsViewController.swift */ = {isa = PBXFileReference; lastKnownFileType = sourcecode.swift; path = WhatsAppChatsViewController.swift; sourceTree = "<group>"; };
		A993F22D2CBE7C2A00490B6D /* Chats.swift */ = {isa = PBXFileReference; lastKnownFileType = sourcecode.swift; path = Chats.swift; sourceTree = "<group>"; };
		A993F22F2CBE7F1700490B6D /* ChatsTableViewCell.swift */ = {isa = PBXFileReference; lastKnownFileType = sourcecode.swift; path = ChatsTableViewCell.swift; sourceTree = "<group>"; };
		A993F2302CBE7F1700490B6D /* ChatsTableViewCell.xib */ = {isa = PBXFileReference; lastKnownFileType = file.xib; path = ChatsTableViewCell.xib; sourceTree = "<group>"; };
		A993F2332CBE827300490B6D /* CellConstant.swift */ = {isa = PBXFileReference; lastKnownFileType = sourcecode.swift; path = CellConstant.swift; sourceTree = "<group>"; };
		A993F2362CBE871000490B6D /* COPYRIGHT.txt */ = {isa = PBXFileReference; fileEncoding = 4; lastKnownFileType = text; path = COPYRIGHT.txt; sourceTree = "<group>"; };
		A993F2372CBE871000490B6D /* SFPro_Font_License.rtf */ = {isa = PBXFileReference; fileEncoding = 4; lastKnownFileType = text.rtf; path = SFPro_Font_License.rtf; sourceTree = "<group>"; };
		A993F2382CBE871000490B6D /* SFProText-Bold.ttf */ = {isa = PBXFileReference; lastKnownFileType = file; path = "SFProText-Bold.ttf"; sourceTree = "<group>"; };
		A993F2392CBE871000490B6D /* SFProText-BoldItalic.ttf */ = {isa = PBXFileReference; lastKnownFileType = file; path = "SFProText-BoldItalic.ttf"; sourceTree = "<group>"; };
		A993F23A2CBE871000490B6D /* SFProText-Heavy.ttf */ = {isa = PBXFileReference; lastKnownFileType = file; path = "SFProText-Heavy.ttf"; sourceTree = "<group>"; };
		A993F23B2CBE871000490B6D /* SFProText-HeavyItalic.ttf */ = {isa = PBXFileReference; lastKnownFileType = file; path = "SFProText-HeavyItalic.ttf"; sourceTree = "<group>"; };
		A993F23C2CBE871000490B6D /* SFProText-Light.ttf */ = {isa = PBXFileReference; lastKnownFileType = file; path = "SFProText-Light.ttf"; sourceTree = "<group>"; };
		A993F23D2CBE871000490B6D /* SFProText-LightItalic.ttf */ = {isa = PBXFileReference; lastKnownFileType = file; path = "SFProText-LightItalic.ttf"; sourceTree = "<group>"; };
		A993F23E2CBE871000490B6D /* SFProText-Medium.ttf */ = {isa = PBXFileReference; lastKnownFileType = file; path = "SFProText-Medium.ttf"; sourceTree = "<group>"; };
		A993F23F2CBE871000490B6D /* SFProText-MediumItalic.ttf */ = {isa = PBXFileReference; lastKnownFileType = file; path = "SFProText-MediumItalic.ttf"; sourceTree = "<group>"; };
		A993F2402CBE871000490B6D /* SFProText-Regular.ttf */ = {isa = PBXFileReference; lastKnownFileType = file; path = "SFProText-Regular.ttf"; sourceTree = "<group>"; };
		A993F2412CBE871000490B6D /* SFProText-RegularItalic.ttf */ = {isa = PBXFileReference; lastKnownFileType = file; path = "SFProText-RegularItalic.ttf"; sourceTree = "<group>"; };
		A993F2422CBE871000490B6D /* SFProText-Semibold.ttf */ = {isa = PBXFileReference; lastKnownFileType = file; path = "SFProText-Semibold.ttf"; sourceTree = "<group>"; };
		A993F2432CBE871000490B6D /* SFProText-SemiboldItalic.ttf */ = {isa = PBXFileReference; lastKnownFileType = file; path = "SFProText-SemiboldItalic.ttf"; sourceTree = "<group>"; };
		A9DF6ED92CC76A9F0044C0AC /* SettingsTableViewCell.swift */ = {isa = PBXFileReference; lastKnownFileType = sourcecode.swift; path = SettingsTableViewCell.swift; sourceTree = "<group>"; };
		A9DF6EDA2CC76A9F0044C0AC /* SettingsTableViewCell.xib */ = {isa = PBXFileReference; lastKnownFileType = file.xib; path = SettingsTableViewCell.xib; sourceTree = "<group>"; };
		A9F3D7962CBFC90400E541DF /* WhatsAppCall.swift */ = {isa = PBXFileReference; lastKnownFileType = sourcecode.swift; path = WhatsAppCall.swift; sourceTree = "<group>"; };
		A9F3D79A2CBFC97400E541DF /* WhatsAppCallViewController.swift */ = {isa = PBXFileReference; lastKnownFileType = sourcecode.swift; path = WhatsAppCallViewController.swift; sourceTree = "<group>"; };
		A9F3D79C2CBFC9EA00E541DF /* WhatsAppCallTableViewCell.swift */ = {isa = PBXFileReference; lastKnownFileType = sourcecode.swift; path = WhatsAppCallTableViewCell.swift; sourceTree = "<group>"; };
		A9F3D79D2CBFC9EA00E541DF /* WhatsAppCallTableViewCell.xib */ = {isa = PBXFileReference; lastKnownFileType = file.xib; path = WhatsAppCallTableViewCell.xib; sourceTree = "<group>"; };
		A9F4C9232CBCF2E30003CF24 /* WhatsApp.app */ = {isa = PBXFileReference; explicitFileType = wrapper.application; includeInIndex = 0; path = WhatsApp.app; sourceTree = BUILT_PRODUCTS_DIR; };
		A9F4C9262CBCF2E30003CF24 /* AppDelegate.swift */ = {isa = PBXFileReference; lastKnownFileType = sourcecode.swift; path = AppDelegate.swift; sourceTree = "<group>"; };
		A9F4C9282CBCF2E30003CF24 /* SceneDelegate.swift */ = {isa = PBXFileReference; lastKnownFileType = sourcecode.swift; path = SceneDelegate.swift; sourceTree = "<group>"; };
		A9F4C92D2CBCF2E30003CF24 /* Base */ = {isa = PBXFileReference; lastKnownFileType = file.storyboard; name = Base; path = Base.lproj/Main.storyboard; sourceTree = "<group>"; };
		A9F4C9302CBCF2E30003CF24 /* WhatsApp.xcdatamodel */ = {isa = PBXFileReference; lastKnownFileType = wrapper.xcdatamodel; path = WhatsApp.xcdatamodel; sourceTree = "<group>"; };
		A9F4C9322CBCF2E50003CF24 /* Assets.xcassets */ = {isa = PBXFileReference; lastKnownFileType = folder.assetcatalog; path = Assets.xcassets; sourceTree = "<group>"; };
		A9F4C9352CBCF2E50003CF24 /* Base */ = {isa = PBXFileReference; lastKnownFileType = file.storyboard; name = Base; path = Base.lproj/LaunchScreen.storyboard; sourceTree = "<group>"; };
		A9F4C9372CBCF2E50003CF24 /* Info.plist */ = {isa = PBXFileReference; lastKnownFileType = text.plist.xml; path = Info.plist; sourceTree = "<group>"; };
		A9F4C93C2CBCF2E60003CF24 /* WhatsAppTests.xctest */ = {isa = PBXFileReference; explicitFileType = wrapper.cfbundle; includeInIndex = 0; path = WhatsAppTests.xctest; sourceTree = BUILT_PRODUCTS_DIR; };
		A9F4C9402CBCF2E60003CF24 /* WhatsAppTests.swift */ = {isa = PBXFileReference; lastKnownFileType = sourcecode.swift; path = WhatsAppTests.swift; sourceTree = "<group>"; };
		A9F4C9462CBCF2E60003CF24 /* WhatsAppUITests.xctest */ = {isa = PBXFileReference; explicitFileType = wrapper.cfbundle; includeInIndex = 0; path = WhatsAppUITests.xctest; sourceTree = BUILT_PRODUCTS_DIR; };
		A9F4C94A2CBCF2E60003CF24 /* WhatsAppUITests.swift */ = {isa = PBXFileReference; lastKnownFileType = sourcecode.swift; path = WhatsAppUITests.swift; sourceTree = "<group>"; };
		A9F4C94C2CBCF2E60003CF24 /* WhatsAppUITestsLaunchTests.swift */ = {isa = PBXFileReference; lastKnownFileType = sourcecode.swift; path = WhatsAppUITestsLaunchTests.swift; sourceTree = "<group>"; };
		A9F4C96E2CBD39B60003CF24 /* AuthenticationViewController.swift */ = {isa = PBXFileReference; lastKnownFileType = sourcecode.swift; path = AuthenticationViewController.swift; sourceTree = "<group>"; };
		A9FD51552CBE407A007D076F /* GlobalConstants.swift */ = {isa = PBXFileReference; lastKnownFileType = sourcecode.swift; path = GlobalConstants.swift; sourceTree = "<group>"; };
		B3CA13AA5AEF363EAA66E761 /* Pods_WhatsAppTests.framework */ = {isa = PBXFileReference; explicitFileType = wrapper.framework; includeInIndex = 0; path = Pods_WhatsAppTests.framework; sourceTree = BUILT_PRODUCTS_DIR; };
		DFD9A788BF7DE10E54EFBDCB /* Pods-WhatsApp.debug.xcconfig */ = {isa = PBXFileReference; includeInIndex = 1; lastKnownFileType = text.xcconfig; name = "Pods-WhatsApp.debug.xcconfig"; path = "Target Support Files/Pods-WhatsApp/Pods-WhatsApp.debug.xcconfig"; sourceTree = "<group>"; };
		E7F682A5177FAC15B13ED91B /* Pods-WhatsApp.release.xcconfig */ = {isa = PBXFileReference; includeInIndex = 1; lastKnownFileType = text.xcconfig; name = "Pods-WhatsApp.release.xcconfig"; path = "Target Support Files/Pods-WhatsApp/Pods-WhatsApp.release.xcconfig"; sourceTree = "<group>"; };
/* End PBXFileReference section */

/* Begin PBXFrameworksBuildPhase section */
		A9F4C9202CBCF2E30003CF24 /* Frameworks */ = {
			isa = PBXFrameworksBuildPhase;
			buildActionMask = 2147483647;
			files = (
				4BC58D39A7442CA7439B8776 /* Pods_WhatsApp.framework in Frameworks */,
			);
			runOnlyForDeploymentPostprocessing = 0;
		};
		A9F4C9392CBCF2E60003CF24 /* Frameworks */ = {
			isa = PBXFrameworksBuildPhase;
			buildActionMask = 2147483647;
			files = (
				CC81397D9EA7B71AD656906C /* Pods_WhatsAppTests.framework in Frameworks */,
			);
			runOnlyForDeploymentPostprocessing = 0;
		};
		A9F4C9432CBCF2E60003CF24 /* Frameworks */ = {
			isa = PBXFrameworksBuildPhase;
			buildActionMask = 2147483647;
			files = (
				CC449E7E755A528C10127363 /* Pods_WhatsApp_WhatsAppUITests.framework in Frameworks */,
			);
			runOnlyForDeploymentPostprocessing = 0;
		};
/* End PBXFrameworksBuildPhase section */

/* Begin PBXGroup section */
		80CA38176D1B36D5443BF7AB /* Pods */ = {
			isa = PBXGroup;
			children = (
				DFD9A788BF7DE10E54EFBDCB /* Pods-WhatsApp.debug.xcconfig */,
				E7F682A5177FAC15B13ED91B /* Pods-WhatsApp.release.xcconfig */,
				11490C72F38C4131AB59C50D /* Pods-WhatsApp-WhatsAppUITests.debug.xcconfig */,
				37DCAA361D235A68BCC48FC5 /* Pods-WhatsApp-WhatsAppUITests.release.xcconfig */,
				9B8350A02209240F9E454448 /* Pods-WhatsAppTests.debug.xcconfig */,
				58FEFD52988F41BED9864B49 /* Pods-WhatsAppTests.release.xcconfig */,
			);
			path = Pods;
			sourceTree = "<group>";
		};
		80CFC46F46211A95DAA26561 /* Frameworks */ = {
			isa = PBXGroup;
			children = (
				236FC6E583B8C0D70EB87145 /* Pods_WhatsApp.framework */,
				55A617C921809E38A27EFE06 /* Pods_WhatsApp_WhatsAppUITests.framework */,
				B3CA13AA5AEF363EAA66E761 /* Pods_WhatsAppTests.framework */,
			);
			name = Frameworks;
			sourceTree = "<group>";
		};
		A91824BF2CC6333E0036D99D /* TabBar */ = {
			isa = PBXGroup;
			children = (
				A91824C02CC633460036D99D /* Controller */,
			);
			path = TabBar;
			sourceTree = "<group>";
		};
		A91824C02CC633460036D99D /* Controller */ = {
			isa = PBXGroup;
			children = (
				A91824C12CC633740036D99D /* WhatsAppTabBarController.swift */,
			);
			path = Controller;
			sourceTree = "<group>";
		};
		A91824C32CC656DC0036D99D /* WhatsAppAccount */ = {
			isa = PBXGroup;
			children = (
				A91824C52CC656F20036D99D /* Cell */,
				A91824C42CC656F00036D99D /* View Controller */,
			);
			path = WhatsAppAccount;
			sourceTree = "<group>";
		};
		A91824C42CC656F00036D99D /* View Controller */ = {
			isa = PBXGroup;
			children = (
				A91824C62CC657360036D99D /* WhatsAppAccountViewController.swift */,
			);
			path = "View Controller";
			sourceTree = "<group>";
		};
		A91824C52CC656F20036D99D /* Cell */ = {
			isa = PBXGroup;
			children = (
				A91824C82CC676900036D99D /* WhatsAppAccountTableViewCell.swift */,
				A91824C92CC676900036D99D /* WhatsAppAccountTableViewCell.xib */,
			);
			path = Cell;
			sourceTree = "<group>";
		};
		A91824CC2CC685000036D99D /* ChatSettings */ = {
			isa = PBXGroup;
			children = (
				A91824D42CC689CE0036D99D /* View Model */,
				A91824D32CC689C70036D99D /* Model */,
				A91824D22CC689BF0036D99D /* View */,
			);
			path = ChatSettings;
			sourceTree = "<group>";
		};
		A91824CD2CC685250036D99D /* Settings */ = {
			isa = PBXGroup;
			children = (
				A91824CC2CC685000036D99D /* ChatSettings */,
				A91824C32CC656DC0036D99D /* WhatsAppAccount */,
				A9415CAE2CC616DF0066DCFB /* WhatsAppSettingsViewController */,
			);
			path = Settings;
			sourceTree = "<group>";
		};
		A91824CE2CC6854A0036D99D /* View Controller */ = {
			isa = PBXGroup;
			children = (
				A91824D02CC685800036D99D /* ChatSettingsViewController.swift */,
			);
			path = "View Controller";
			sourceTree = "<group>";
		};
		A91824CF2CC6854D0036D99D /* Cell */ = {
			isa = PBXGroup;
			children = (
				A9DF6ED92CC76A9F0044C0AC /* SettingsTableViewCell.swift */,
				A9DF6EDA2CC76A9F0044C0AC /* SettingsTableViewCell.xib */,
			);
			path = Cell;
			sourceTree = "<group>";
		};
		A91824D22CC689BF0036D99D /* View */ = {
			isa = PBXGroup;
			children = (
				A91824CF2CC6854D0036D99D /* Cell */,
				A91824CE2CC6854A0036D99D /* View Controller */,
			);
			path = View;
			sourceTree = "<group>";
		};
		A91824D32CC689C70036D99D /* Model */ = {
			isa = PBXGroup;
			children = (
				A91824D52CC689F80036D99D /* Settings.swift */,
			);
			path = Model;
			sourceTree = "<group>";
		};
		A91824D42CC689CE0036D99D /* View Model */ = {
			isa = PBXGroup;
			children = (
			);
			path = "View Model";
			sourceTree = "<group>";
		};
		A92065F22CC0DFCA00A25C76 /* ChatViewController */ = {
			isa = PBXGroup;
			children = (
				A92065F52CC0DFDD00A25C76 /* View */,
				A92065F42CC0DFD900A25C76 /* Model */,
				A92065F32CC0DFD700A25C76 /* View Model */,
			);
			path = ChatViewController;
			sourceTree = "<group>";
		};
		A92065F32CC0DFD700A25C76 /* View Model */ = {
			isa = PBXGroup;
			children = (
			);
			path = "View Model";
			sourceTree = "<group>";
		};
		A92065F42CC0DFD900A25C76 /* Model */ = {
			isa = PBXGroup;
			children = (
			);
			path = Model;
			sourceTree = "<group>";
		};
		A92065F52CC0DFDD00A25C76 /* View */ = {
			isa = PBXGroup;
			children = (
				A92065F62CC0DFF100A25C76 /* View Controller */,
			);
			path = View;
			sourceTree = "<group>";
		};
		A92065F62CC0DFF100A25C76 /* View Controller */ = {
			isa = PBXGroup;
			children = (
				A92065F72CC0E00F00A25C76 /* ChatViewController.swift */,
			);
			path = "View Controller";
			sourceTree = "<group>";
		};
		A9415CAE2CC616DF0066DCFB /* WhatsAppSettingsViewController */ = {
			isa = PBXGroup;
			children = (
				A9415CB22CC616FD0066DCFB /* View */,
				A9415CB02CC616F20066DCFB /* Model */,
				A9415CAF2CC616F00066DCFB /* View Model */,
			);
			path = WhatsAppSettingsViewController;
			sourceTree = "<group>";
		};
		A9415CAF2CC616F00066DCFB /* View Model */ = {
			isa = PBXGroup;
			children = (
			);
			path = "View Model";
			sourceTree = "<group>";
		};
		A9415CB02CC616F20066DCFB /* Model */ = {
			isa = PBXGroup;
			children = (
				A9415CB82CC6183D0066DCFB /* WhatsAppSetting.swift */,
			);
			path = Model;
			sourceTree = "<group>";
		};
		A9415CB22CC616FD0066DCFB /* View */ = {
			isa = PBXGroup;
			children = (
				A9415CB52CC6171E0066DCFB /* Cell */,
				A9415CB42CC6171B0066DCFB /* Controller */,
			);
			path = View;
			sourceTree = "<group>";
		};
		A9415CB42CC6171B0066DCFB /* Controller */ = {
			isa = PBXGroup;
			children = (
				A9415CB62CC617520066DCFB /* WhatsAppSettingsViewController.swift */,
			);
			path = Controller;
			sourceTree = "<group>";
		};
		A9415CB52CC6171E0066DCFB /* Cell */ = {
			isa = PBXGroup;
			children = (
				A9415CBD2CC623FD0066DCFB /* SettingsHeaderView.xib */,
				A91824B52CC624540036D99D /* SettingsHeaderView.swift */,
				A91824BB2CC62F2E0036D99D /* WhatsAppSettingsTableViewCell.swift */,
				A91824BC2CC62F2E0036D99D /* WhatsAppSettingsTableViewCell.xib */,
			);
			path = Cell;
			sourceTree = "<group>";
		};
		A94F42EA2CC232BE006EEB7C /* WhatsAppContactInfo */ = {
			isa = PBXGroup;
			children = (
				A94F42ED2CC232D2006EEB7C /* View */,
				A94F42EC2CC232D0006EEB7C /* View Model */,
				A94F42EB2CC232CD006EEB7C /* Model */,
			);
			path = WhatsAppContactInfo;
			sourceTree = "<group>";
		};
		A94F42EB2CC232CD006EEB7C /* Model */ = {
			isa = PBXGroup;
			children = (
				A94F42FA2CC250F0006EEB7C /* ContactInfo.swift */,
			);
			path = Model;
			sourceTree = "<group>";
		};
		A94F42EC2CC232D0006EEB7C /* View Model */ = {
			isa = PBXGroup;
			children = (
			);
			path = "View Model";
			sourceTree = "<group>";
		};
		A94F42ED2CC232D2006EEB7C /* View */ = {
			isa = PBXGroup;
			children = (
				A94F42EF2CC232DB006EEB7C /* Cell */,
				A94F42EE2CC232D8006EEB7C /* View Controller */,
			);
			path = View;
			sourceTree = "<group>";
		};
		A94F42EE2CC232D8006EEB7C /* View Controller */ = {
			isa = PBXGroup;
			children = (
				A94F42F02CC2331C006EEB7C /* WhatsAppContactInfoViewController.swift */,
			);
			path = "View Controller";
			sourceTree = "<group>";
		};
		A94F42EF2CC232DB006EEB7C /* Cell */ = {
			isa = PBXGroup;
			children = (
				A94F42F22CC23554006EEB7C /* HeaderView.xib */,
				A94F42F42CC2381B006EEB7C /* HeaderView.swift */,
				A94F42F62CC24D7D006EEB7C /* ContactInfoTableViewCell.swift */,
				A94F42F72CC24D7D006EEB7C /* ContactInfoTableViewCell.xib */,
			);
			path = Cell;
			sourceTree = "<group>";
		};
		A993F2252CBE6AD500490B6D /* WhatsAppChats */ = {
			isa = PBXGroup;
			children = (
				A993F2282CBE6B0300490B6D /* View */,
				A993F2272CBE6B0100490B6D /* Model */,
				A993F2262CBE6AFF00490B6D /* ViewModel */,
			);
			path = WhatsAppChats;
			sourceTree = "<group>";
		};
		A993F2262CBE6AFF00490B6D /* ViewModel */ = {
			isa = PBXGroup;
			children = (
			);
			path = ViewModel;
			sourceTree = "<group>";
		};
		A993F2272CBE6B0100490B6D /* Model */ = {
			isa = PBXGroup;
			children = (
				A993F22D2CBE7C2A00490B6D /* Chats.swift */,
			);
			path = Model;
			sourceTree = "<group>";
		};
		A993F2282CBE6B0300490B6D /* View */ = {
			isa = PBXGroup;
			children = (
				A993F22A2CBE6B1B00490B6D /* Cell */,
				A993F2292CBE6B1800490B6D /* View Controller */,
			);
			path = View;
			sourceTree = "<group>";
		};
		A993F2292CBE6B1800490B6D /* View Controller */ = {
			isa = PBXGroup;
			children = (
				A993F22B2CBE6B3500490B6D /* WhatsAppChatsViewController.swift */,
			);
			path = "View Controller";
			sourceTree = "<group>";
		};
		A993F22A2CBE6B1B00490B6D /* Cell */ = {
			isa = PBXGroup;
			children = (
				A993F22F2CBE7F1700490B6D /* ChatsTableViewCell.swift */,
				A993F2302CBE7F1700490B6D /* ChatsTableViewCell.xib */,
			);
			path = Cell;
			sourceTree = "<group>";
		};
		A993F2352CBE870000490B6D /* Font */ = {
			isa = PBXGroup;
			children = (
				A993F2442CBE871000490B6D /* San Francisco Pro Text */,
			);
			path = Font;
			sourceTree = "<group>";
		};
		A993F2442CBE871000490B6D /* San Francisco Pro Text */ = {
			isa = PBXGroup;
			children = (
				A993F2362CBE871000490B6D /* COPYRIGHT.txt */,
				A993F2372CBE871000490B6D /* SFPro_Font_License.rtf */,
				A993F2382CBE871000490B6D /* SFProText-Bold.ttf */,
				A993F2392CBE871000490B6D /* SFProText-BoldItalic.ttf */,
				A993F23A2CBE871000490B6D /* SFProText-Heavy.ttf */,
				A993F23B2CBE871000490B6D /* SFProText-HeavyItalic.ttf */,
				A993F23C2CBE871000490B6D /* SFProText-Light.ttf */,
				A993F23D2CBE871000490B6D /* SFProText-LightItalic.ttf */,
				A993F23E2CBE871000490B6D /* SFProText-Medium.ttf */,
				A993F23F2CBE871000490B6D /* SFProText-MediumItalic.ttf */,
				A993F2402CBE871000490B6D /* SFProText-Regular.ttf */,
				A993F2412CBE871000490B6D /* SFProText-RegularItalic.ttf */,
				A993F2422CBE871000490B6D /* SFProText-Semibold.ttf */,
				A993F2432CBE871000490B6D /* SFProText-SemiboldItalic.ttf */,
			);
			path = "San Francisco Pro Text";
			sourceTree = "<group>";
		};
		A9F3D7922CBFC8CC00E541DF /* WhatsAppCallViewController */ = {
			isa = PBXGroup;
			children = (
				A9F3D7952CBFC8E300E541DF /* View */,
				A9F3D7942CBFC8E100E541DF /* ViewModel */,
				A9F3D7932CBFC8DE00E541DF /* Model */,
			);
			path = WhatsAppCallViewController;
			sourceTree = "<group>";
		};
		A9F3D7932CBFC8DE00E541DF /* Model */ = {
			isa = PBXGroup;
			children = (
				A9F3D7962CBFC90400E541DF /* WhatsAppCall.swift */,
			);
			path = Model;
			sourceTree = "<group>";
		};
		A9F3D7942CBFC8E100E541DF /* ViewModel */ = {
			isa = PBXGroup;
			children = (
			);
			path = ViewModel;
			sourceTree = "<group>";
		};
		A9F3D7952CBFC8E300E541DF /* View */ = {
			isa = PBXGroup;
			children = (
				A9F3D7992CBFC94600E541DF /* Cell */,
				A9F3D7982CBFC93800E541DF /* ViewController */,
			);
			path = View;
			sourceTree = "<group>";
		};
		A9F3D7982CBFC93800E541DF /* ViewController */ = {
			isa = PBXGroup;
			children = (
				A9F3D79A2CBFC97400E541DF /* WhatsAppCallViewController.swift */,
			);
			path = ViewController;
			sourceTree = "<group>";
		};
		A9F3D7992CBFC94600E541DF /* Cell */ = {
			isa = PBXGroup;
			children = (
				A9F3D79C2CBFC9EA00E541DF /* WhatsAppCallTableViewCell.swift */,
				A9F3D79D2CBFC9EA00E541DF /* WhatsAppCallTableViewCell.xib */,
			);
			path = Cell;
			sourceTree = "<group>";
		};
		A9F4C91A2CBCF2E30003CF24 = {
			isa = PBXGroup;
			children = (
				A9F4C9252CBCF2E30003CF24 /* WhatsApp */,
				A9F4C93F2CBCF2E60003CF24 /* WhatsAppTests */,
				A9F4C9492CBCF2E60003CF24 /* WhatsAppUITests */,
				A9F4C9242CBCF2E30003CF24 /* Products */,
				80CA38176D1B36D5443BF7AB /* Pods */,
				80CFC46F46211A95DAA26561 /* Frameworks */,
			);
			sourceTree = "<group>";
		};
		A9F4C9242CBCF2E30003CF24 /* Products */ = {
			isa = PBXGroup;
			children = (
				A9F4C9232CBCF2E30003CF24 /* WhatsApp.app */,
				A9F4C93C2CBCF2E60003CF24 /* WhatsAppTests.xctest */,
				A9F4C9462CBCF2E60003CF24 /* WhatsAppUITests.xctest */,
			);
			name = Products;
			sourceTree = "<group>";
		};
		A9F4C9252CBCF2E30003CF24 /* WhatsApp */ = {
			isa = PBXGroup;
			children = (
				A993F2352CBE870000490B6D /* Font */,
				A9F4C95F2CBCF3800003CF24 /* Application */,
				A9F4C95E2CBCF3030003CF24 /* Constant */,
				A9F4C95D2CBCF3000003CF24 /* Extension */,
				A9F4C95C2CBCF2FD0003CF24 /* Helper */,
				A9F4C95B2CBCF2FA0003CF24 /* Screen */,
				A9F4C9592CBCF2F00003CF24 /* Resources */,
				A9F4C95A2CBCF2F50003CF24 /* Storyboard */,
				A9F4C9372CBCF2E50003CF24 /* Info.plist */,
				A9F4C92F2CBCF2E30003CF24 /* WhatsApp.xcdatamodeld */,
			);
			path = WhatsApp;
			sourceTree = "<group>";
		};
		A9F4C93F2CBCF2E60003CF24 /* WhatsAppTests */ = {
			isa = PBXGroup;
			children = (
				A9F4C9402CBCF2E60003CF24 /* WhatsAppTests.swift */,
			);
			path = WhatsAppTests;
			sourceTree = "<group>";
		};
		A9F4C9492CBCF2E60003CF24 /* WhatsAppUITests */ = {
			isa = PBXGroup;
			children = (
				A9F4C94A2CBCF2E60003CF24 /* WhatsAppUITests.swift */,
				A9F4C94C2CBCF2E60003CF24 /* WhatsAppUITestsLaunchTests.swift */,
			);
			path = WhatsAppUITests;
			sourceTree = "<group>";
		};
		A9F4C9592CBCF2F00003CF24 /* Resources */ = {
			isa = PBXGroup;
			children = (
				A9F4C9322CBCF2E50003CF24 /* Assets.xcassets */,
			);
			path = Resources;
			sourceTree = "<group>";
		};
		A9F4C95A2CBCF2F50003CF24 /* Storyboard */ = {
			isa = PBXGroup;
			children = (
				A9F4C92C2CBCF2E30003CF24 /* Main.storyboard */,
				A9F4C9342CBCF2E50003CF24 /* LaunchScreen.storyboard */,
			);
			path = Storyboard;
			sourceTree = "<group>";
		};
		A9F4C95B2CBCF2FA0003CF24 /* Screen */ = {
			isa = PBXGroup;
			children = (
				A91824CD2CC685250036D99D /* Settings */,
				A91824BF2CC6333E0036D99D /* TabBar */,
				A94F42EA2CC232BE006EEB7C /* WhatsAppContactInfo */,
				A92065F22CC0DFCA00A25C76 /* ChatViewController */,
				A9F3D7922CBFC8CC00E541DF /* WhatsAppCallViewController */,
				A993F2252CBE6AD500490B6D /* WhatsAppChats */,
				A9F4C9622CBD39390003CF24 /* Authentication */,
			);
			path = Screen;
			sourceTree = "<group>";
		};
		A9F4C95C2CBCF2FD0003CF24 /* Helper */ = {
			isa = PBXGroup;
			children = (
			);
			path = Helper;
			sourceTree = "<group>";
		};
		A9F4C95D2CBCF3000003CF24 /* Extension */ = {
			isa = PBXGroup;
			children = (
			);
			path = Extension;
			sourceTree = "<group>";
		};
		A9F4C95E2CBCF3030003CF24 /* Constant */ = {
			isa = PBXGroup;
			children = (
				A993F2332CBE827300490B6D /* CellConstant.swift */,
			);
			path = Constant;
			sourceTree = "<group>";
		};
		A9F4C95F2CBCF3800003CF24 /* Application */ = {
			isa = PBXGroup;
			children = (
				A9F4C9262CBCF2E30003CF24 /* AppDelegate.swift */,
				A9F4C9282CBCF2E30003CF24 /* SceneDelegate.swift */,
			);
			path = Application;
			sourceTree = "<group>";
		};
		A9F4C9622CBD39390003CF24 /* Authentication */ = {
			isa = PBXGroup;
			children = (
				A9F4C9652CBD39480003CF24 /* View */,
				A9F4C9642CBD39460003CF24 /* Model */,
				A9F4C9632CBD39440003CF24 /* View Model */,
			);
			path = Authentication;
			sourceTree = "<group>";
		};
		A9F4C9632CBD39440003CF24 /* View Model */ = {
			isa = PBXGroup;
			children = (
			);
			path = "View Model";
			sourceTree = "<group>";
		};
		A9F4C9642CBD39460003CF24 /* Model */ = {
			isa = PBXGroup;
			children = (
			);
			path = Model;
			sourceTree = "<group>";
		};
		A9F4C9652CBD39480003CF24 /* View */ = {
			isa = PBXGroup;
			children = (
				A9FD51542CBE4052007D076F /* GlobleConstant */,
				A9F4C9672CBD396F0003CF24 /* ViewController */,
			);
			path = View;
			sourceTree = "<group>";
		};
		A9F4C9672CBD396F0003CF24 /* ViewController */ = {
			isa = PBXGroup;
			children = (
				A9F4C96E2CBD39B60003CF24 /* AuthenticationViewController.swift */,
			);
			path = ViewController;
			sourceTree = "<group>";
		};
		A9FD51542CBE4052007D076F /* GlobleConstant */ = {
			isa = PBXGroup;
			children = (
				A9FD51552CBE407A007D076F /* GlobalConstants.swift */,
			);
			path = GlobleConstant;
			sourceTree = "<group>";
		};
/* End PBXGroup section */

/* Begin PBXNativeTarget section */
		A9F4C9222CBCF2E30003CF24 /* WhatsApp */ = {
			isa = PBXNativeTarget;
			buildConfigurationList = A9F4C9502CBCF2E60003CF24 /* Build configuration list for PBXNativeTarget "WhatsApp" */;
			buildPhases = (
				3E888A4C2F5D8B3100353F9C /* [CP] Check Pods Manifest.lock */,
				A9F4C91F2CBCF2E30003CF24 /* Sources */,
				A9F4C9202CBCF2E30003CF24 /* Frameworks */,
				A9F4C9212CBCF2E30003CF24 /* Resources */,
				B4756BB36115F75DF8D77924 /* [CP] Embed Pods Frameworks */,
			);
			buildRules = (
			);
			dependencies = (
			);
			name = WhatsApp;
			productName = WhatsApp;
			productReference = A9F4C9232CBCF2E30003CF24 /* WhatsApp.app */;
			productType = "com.apple.product-type.application";
		};
		A9F4C93B2CBCF2E60003CF24 /* WhatsAppTests */ = {
			isa = PBXNativeTarget;
			buildConfigurationList = A9F4C9532CBCF2E60003CF24 /* Build configuration list for PBXNativeTarget "WhatsAppTests" */;
			buildPhases = (
				25F3C323DFCEB06DD57DD819 /* [CP] Check Pods Manifest.lock */,
				A9F4C9382CBCF2E60003CF24 /* Sources */,
				A9F4C9392CBCF2E60003CF24 /* Frameworks */,
				A9F4C93A2CBCF2E60003CF24 /* Resources */,
			);
			buildRules = (
			);
			dependencies = (
				A9F4C93E2CBCF2E60003CF24 /* PBXTargetDependency */,
			);
			name = WhatsAppTests;
			productName = WhatsAppTests;
			productReference = A9F4C93C2CBCF2E60003CF24 /* WhatsAppTests.xctest */;
			productType = "com.apple.product-type.bundle.unit-test";
		};
		A9F4C9452CBCF2E60003CF24 /* WhatsAppUITests */ = {
			isa = PBXNativeTarget;
			buildConfigurationList = A9F4C9562CBCF2E60003CF24 /* Build configuration list for PBXNativeTarget "WhatsAppUITests" */;
			buildPhases = (
				82D6D1DAB5DDA77B225D0AEB /* [CP] Check Pods Manifest.lock */,
				A9F4C9422CBCF2E60003CF24 /* Sources */,
				A9F4C9432CBCF2E60003CF24 /* Frameworks */,
				A9F4C9442CBCF2E60003CF24 /* Resources */,
				1942942128B5DFF94A86B008 /* [CP] Embed Pods Frameworks */,
			);
			buildRules = (
			);
			dependencies = (
				A9F4C9482CBCF2E60003CF24 /* PBXTargetDependency */,
			);
			name = WhatsAppUITests;
			productName = WhatsAppUITests;
			productReference = A9F4C9462CBCF2E60003CF24 /* WhatsAppUITests.xctest */;
			productType = "com.apple.product-type.bundle.ui-testing";
		};
/* End PBXNativeTarget section */

/* Begin PBXProject section */
		A9F4C91B2CBCF2E30003CF24 /* Project object */ = {
			isa = PBXProject;
			attributes = {
				BuildIndependentTargetsInParallel = 1;
				LastSwiftUpdateCheck = 1530;
				LastUpgradeCheck = 1530;
				TargetAttributes = {
					A9F4C9222CBCF2E30003CF24 = {
						CreatedOnToolsVersion = 15.3;
					};
					A9F4C93B2CBCF2E60003CF24 = {
						CreatedOnToolsVersion = 15.3;
						TestTargetID = A9F4C9222CBCF2E30003CF24;
					};
					A9F4C9452CBCF2E60003CF24 = {
						CreatedOnToolsVersion = 15.3;
						TestTargetID = A9F4C9222CBCF2E30003CF24;
					};
				};
			};
			buildConfigurationList = A9F4C91E2CBCF2E30003CF24 /* Build configuration list for PBXProject "WhatsApp" */;
			compatibilityVersion = "Xcode 14.0";
			developmentRegion = en;
			hasScannedForEncodings = 0;
			knownRegions = (
				en,
				Base,
			);
			mainGroup = A9F4C91A2CBCF2E30003CF24;
			productRefGroup = A9F4C9242CBCF2E30003CF24 /* Products */;
			projectDirPath = "";
			projectRoot = "";
			targets = (
				A9F4C9222CBCF2E30003CF24 /* WhatsApp */,
				A9F4C93B2CBCF2E60003CF24 /* WhatsAppTests */,
				A9F4C9452CBCF2E60003CF24 /* WhatsAppUITests */,
			);
		};
/* End PBXProject section */

/* Begin PBXResourcesBuildPhase section */
		A9F4C9212CBCF2E30003CF24 /* Resources */ = {
			isa = PBXResourcesBuildPhase;
			buildActionMask = 2147483647;
			files = (
				A993F24A2CBE871000490B6D /* SFProText-HeavyItalic.ttf in Resources */,
				A993F2462CBE871000490B6D /* SFPro_Font_License.rtf in Resources */,
				A91824CA2CC676900036D99D /* WhatsAppAccountTableViewCell.xib in Resources */,
				A91824BD2CC62F2E0036D99D /* WhatsAppSettingsTableViewCell.xib in Resources */,
				A993F2452CBE871000490B6D /* COPYRIGHT.txt in Resources */,
				A9F4C9332CBCF2E50003CF24 /* Assets.xcassets in Resources */,
				A993F2312CBE7F1700490B6D /* ChatsTableViewCell.xib in Resources */,
				A993F24B2CBE871000490B6D /* SFProText-Light.ttf in Resources */,
				A993F2492CBE871000490B6D /* SFProText-Heavy.ttf in Resources */,
				A9F4C9362CBCF2E50003CF24 /* Base in Resources */,
				A9F4C92E2CBCF2E30003CF24 /* Base in Resources */,
				A993F2512CBE871000490B6D /* SFProText-Semibold.ttf in Resources */,
				A9F3D79E2CBFC9EA00E541DF /* WhatsAppCallTableViewCell.xib in Resources */,
				A9DF6EDC2CC76A9F0044C0AC /* SettingsTableViewCell.xib in Resources */,
				A94F42F32CC23554006EEB7C /* HeaderView.xib in Resources */,
				A94F42F92CC24D7D006EEB7C /* ContactInfoTableViewCell.xib in Resources */,
				A993F24E2CBE871000490B6D /* SFProText-MediumItalic.ttf in Resources */,
				A993F2472CBE871000490B6D /* SFProText-Bold.ttf in Resources */,
				A993F2502CBE871000490B6D /* SFProText-RegularItalic.ttf in Resources */,
				A993F2522CBE871000490B6D /* SFProText-SemiboldItalic.ttf in Resources */,
				A993F2482CBE871000490B6D /* SFProText-BoldItalic.ttf in Resources */,
				A993F24D2CBE871000490B6D /* SFProText-Medium.ttf in Resources */,
				A993F24F2CBE871000490B6D /* SFProText-Regular.ttf in Resources */,
				A9415CBE2CC623FD0066DCFB /* SettingsHeaderView.xib in Resources */,
				A993F24C2CBE871000490B6D /* SFProText-LightItalic.ttf in Resources */,
			);
			runOnlyForDeploymentPostprocessing = 0;
		};
		A9F4C93A2CBCF2E60003CF24 /* Resources */ = {
			isa = PBXResourcesBuildPhase;
			buildActionMask = 2147483647;
			files = (
			);
			runOnlyForDeploymentPostprocessing = 0;
		};
		A9F4C9442CBCF2E60003CF24 /* Resources */ = {
			isa = PBXResourcesBuildPhase;
			buildActionMask = 2147483647;
			files = (
			);
			runOnlyForDeploymentPostprocessing = 0;
		};
/* End PBXResourcesBuildPhase section */

/* Begin PBXShellScriptBuildPhase section */
		1942942128B5DFF94A86B008 /* [CP] Embed Pods Frameworks */ = {
			isa = PBXShellScriptBuildPhase;
			buildActionMask = 2147483647;
			files = (
			);
			inputFileListPaths = (
				"${PODS_ROOT}/Target Support Files/Pods-WhatsApp-WhatsAppUITests/Pods-WhatsApp-WhatsAppUITests-frameworks-${CONFIGURATION}-input-files.xcfilelist",
			);
			name = "[CP] Embed Pods Frameworks";
			outputFileListPaths = (
				"${PODS_ROOT}/Target Support Files/Pods-WhatsApp-WhatsAppUITests/Pods-WhatsApp-WhatsAppUITests-frameworks-${CONFIGURATION}-output-files.xcfilelist",
			);
			runOnlyForDeploymentPostprocessing = 0;
			shellPath = /bin/sh;
			shellScript = "\"${PODS_ROOT}/Target Support Files/Pods-WhatsApp-WhatsAppUITests/Pods-WhatsApp-WhatsAppUITests-frameworks.sh\"\n";
			showEnvVarsInLog = 0;
		};
		25F3C323DFCEB06DD57DD819 /* [CP] Check Pods Manifest.lock */ = {
			isa = PBXShellScriptBuildPhase;
			buildActionMask = 2147483647;
			files = (
			);
			inputFileListPaths = (
			);
			inputPaths = (
				"${PODS_PODFILE_DIR_PATH}/Podfile.lock",
				"${PODS_ROOT}/Manifest.lock",
			);
			name = "[CP] Check Pods Manifest.lock";
			outputFileListPaths = (
			);
			outputPaths = (
				"$(DERIVED_FILE_DIR)/Pods-WhatsAppTests-checkManifestLockResult.txt",
			);
			runOnlyForDeploymentPostprocessing = 0;
			shellPath = /bin/sh;
			shellScript = "diff \"${PODS_PODFILE_DIR_PATH}/Podfile.lock\" \"${PODS_ROOT}/Manifest.lock\" > /dev/null\nif [ $? != 0 ] ; then\n    # print error to STDERR\n    echo \"error: The sandbox is not in sync with the Podfile.lock. Run 'pod install' or update your CocoaPods installation.\" >&2\n    exit 1\nfi\n# This output is used by Xcode 'outputs' to avoid re-running this script phase.\necho \"SUCCESS\" > \"${SCRIPT_OUTPUT_FILE_0}\"\n";
			showEnvVarsInLog = 0;
		};
		3E888A4C2F5D8B3100353F9C /* [CP] Check Pods Manifest.lock */ = {
			isa = PBXShellScriptBuildPhase;
			buildActionMask = 2147483647;
			files = (
			);
			inputFileListPaths = (
			);
			inputPaths = (
				"${PODS_PODFILE_DIR_PATH}/Podfile.lock",
				"${PODS_ROOT}/Manifest.lock",
			);
			name = "[CP] Check Pods Manifest.lock";
			outputFileListPaths = (
			);
			outputPaths = (
				"$(DERIVED_FILE_DIR)/Pods-WhatsApp-checkManifestLockResult.txt",
			);
			runOnlyForDeploymentPostprocessing = 0;
			shellPath = /bin/sh;
			shellScript = "diff \"${PODS_PODFILE_DIR_PATH}/Podfile.lock\" \"${PODS_ROOT}/Manifest.lock\" > /dev/null\nif [ $? != 0 ] ; then\n    # print error to STDERR\n    echo \"error: The sandbox is not in sync with the Podfile.lock. Run 'pod install' or update your CocoaPods installation.\" >&2\n    exit 1\nfi\n# This output is used by Xcode 'outputs' to avoid re-running this script phase.\necho \"SUCCESS\" > \"${SCRIPT_OUTPUT_FILE_0}\"\n";
			showEnvVarsInLog = 0;
		};
		82D6D1DAB5DDA77B225D0AEB /* [CP] Check Pods Manifest.lock */ = {
			isa = PBXShellScriptBuildPhase;
			buildActionMask = 2147483647;
			files = (
			);
			inputFileListPaths = (
			);
			inputPaths = (
				"${PODS_PODFILE_DIR_PATH}/Podfile.lock",
				"${PODS_ROOT}/Manifest.lock",
			);
			name = "[CP] Check Pods Manifest.lock";
			outputFileListPaths = (
			);
			outputPaths = (
				"$(DERIVED_FILE_DIR)/Pods-WhatsApp-WhatsAppUITests-checkManifestLockResult.txt",
			);
			runOnlyForDeploymentPostprocessing = 0;
			shellPath = /bin/sh;
			shellScript = "diff \"${PODS_PODFILE_DIR_PATH}/Podfile.lock\" \"${PODS_ROOT}/Manifest.lock\" > /dev/null\nif [ $? != 0 ] ; then\n    # print error to STDERR\n    echo \"error: The sandbox is not in sync with the Podfile.lock. Run 'pod install' or update your CocoaPods installation.\" >&2\n    exit 1\nfi\n# This output is used by Xcode 'outputs' to avoid re-running this script phase.\necho \"SUCCESS\" > \"${SCRIPT_OUTPUT_FILE_0}\"\n";
			showEnvVarsInLog = 0;
		};
		B4756BB36115F75DF8D77924 /* [CP] Embed Pods Frameworks */ = {
			isa = PBXShellScriptBuildPhase;
			buildActionMask = 2147483647;
			files = (
			);
			inputFileListPaths = (
				"${PODS_ROOT}/Target Support Files/Pods-WhatsApp/Pods-WhatsApp-frameworks-${CONFIGURATION}-input-files.xcfilelist",
			);
			name = "[CP] Embed Pods Frameworks";
			outputFileListPaths = (
				"${PODS_ROOT}/Target Support Files/Pods-WhatsApp/Pods-WhatsApp-frameworks-${CONFIGURATION}-output-files.xcfilelist",
			);
			runOnlyForDeploymentPostprocessing = 0;
			shellPath = /bin/sh;
			shellScript = "\"${PODS_ROOT}/Target Support Files/Pods-WhatsApp/Pods-WhatsApp-frameworks.sh\"\n";
			showEnvVarsInLog = 0;
		};
/* End PBXShellScriptBuildPhase section */

/* Begin PBXSourcesBuildPhase section */
		A9F4C91F2CBCF2E30003CF24 /* Sources */ = {
			isa = PBXSourcesBuildPhase;
			buildActionMask = 2147483647;
			files = (
				A9F4C9312CBCF2E30003CF24 /* WhatsApp.xcdatamodeld in Sources */,
				A94F42F12CC2331C006EEB7C /* WhatsAppContactInfoViewController.swift in Sources */,
				A9DF6EDB2CC76A9F0044C0AC /* SettingsTableViewCell.swift in Sources */,
				A91824D62CC689F80036D99D /* Settings.swift in Sources */,
				A9F3D79F2CBFC9EA00E541DF /* WhatsAppCallTableViewCell.swift in Sources */,
				A9415CB72CC617520066DCFB /* WhatsAppSettingsViewController.swift in Sources */,
				A993F2322CBE7F1700490B6D /* ChatsTableViewCell.swift in Sources */,
				A91824D12CC685800036D99D /* ChatSettingsViewController.swift in Sources */,
				A94F42F82CC24D7D006EEB7C /* ContactInfoTableViewCell.swift in Sources */,
				A993F2342CBE827300490B6D /* CellConstant.swift in Sources */,
				A91824C22CC633740036D99D /* WhatsAppTabBarController.swift in Sources */,
				A91824BE2CC62F2E0036D99D /* WhatsAppSettingsTableViewCell.swift in Sources */,
				A91824CB2CC676900036D99D /* WhatsAppAccountTableViewCell.swift in Sources */,
				A9F3D7972CBFC90400E541DF /* WhatsAppCall.swift in Sources */,
				A9F4C96F2CBD39B60003CF24 /* AuthenticationViewController.swift in Sources */,
				A91824C72CC657360036D99D /* WhatsAppAccountViewController.swift in Sources */,
				A993F22E2CBE7C2A00490B6D /* Chats.swift in Sources */,
				A9F4C9272CBCF2E30003CF24 /* AppDelegate.swift in Sources */,
				A9F4C9292CBCF2E30003CF24 /* SceneDelegate.swift in Sources */,
				A91824B62CC624540036D99D /* SettingsHeaderView.swift in Sources */,
				A94F42F52CC2381B006EEB7C /* HeaderView.swift in Sources */,
				A94F42FB2CC250F0006EEB7C /* ContactInfo.swift in Sources */,
				A92065F82CC0E00F00A25C76 /* ChatViewController.swift in Sources */,
				A993F22C2CBE6B3500490B6D /* WhatsAppChatsViewController.swift in Sources */,
				A9FD51562CBE407A007D076F /* GlobalConstants.swift in Sources */,
				A9415CB92CC6183D0066DCFB /* WhatsAppSetting.swift in Sources */,
				A9F3D79B2CBFC97400E541DF /* WhatsAppCallViewController.swift in Sources */,
			);
			runOnlyForDeploymentPostprocessing = 0;
		};
		A9F4C9382CBCF2E60003CF24 /* Sources */ = {
			isa = PBXSourcesBuildPhase;
			buildActionMask = 2147483647;
			files = (
				A9F4C9412CBCF2E60003CF24 /* WhatsAppTests.swift in Sources */,
			);
			runOnlyForDeploymentPostprocessing = 0;
		};
		A9F4C9422CBCF2E60003CF24 /* Sources */ = {
			isa = PBXSourcesBuildPhase;
			buildActionMask = 2147483647;
			files = (
				A9F4C94D2CBCF2E60003CF24 /* WhatsAppUITestsLaunchTests.swift in Sources */,
				A9F4C94B2CBCF2E60003CF24 /* WhatsAppUITests.swift in Sources */,
			);
			runOnlyForDeploymentPostprocessing = 0;
		};
/* End PBXSourcesBuildPhase section */

/* Begin PBXTargetDependency section */
		A9F4C93E2CBCF2E60003CF24 /* PBXTargetDependency */ = {
			isa = PBXTargetDependency;
			target = A9F4C9222CBCF2E30003CF24 /* WhatsApp */;
			targetProxy = A9F4C93D2CBCF2E60003CF24 /* PBXContainerItemProxy */;
		};
		A9F4C9482CBCF2E60003CF24 /* PBXTargetDependency */ = {
			isa = PBXTargetDependency;
			target = A9F4C9222CBCF2E30003CF24 /* WhatsApp */;
			targetProxy = A9F4C9472CBCF2E60003CF24 /* PBXContainerItemProxy */;
		};
/* End PBXTargetDependency section */

/* Begin PBXVariantGroup section */
		A9F4C92C2CBCF2E30003CF24 /* Main.storyboard */ = {
			isa = PBXVariantGroup;
			children = (
				A9F4C92D2CBCF2E30003CF24 /* Base */,
			);
			name = Main.storyboard;
			sourceTree = "<group>";
		};
		A9F4C9342CBCF2E50003CF24 /* LaunchScreen.storyboard */ = {
			isa = PBXVariantGroup;
			children = (
				A9F4C9352CBCF2E50003CF24 /* Base */,
			);
			name = LaunchScreen.storyboard;
			sourceTree = "<group>";
		};
/* End PBXVariantGroup section */

/* Begin XCBuildConfiguration section */
		A9F4C94E2CBCF2E60003CF24 /* Debug */ = {
			isa = XCBuildConfiguration;
			buildSettings = {
				ALWAYS_SEARCH_USER_PATHS = NO;
				ASSETCATALOG_COMPILER_GENERATE_SWIFT_ASSET_SYMBOL_EXTENSIONS = YES;
				CLANG_ANALYZER_NONNULL = YES;
				CLANG_ANALYZER_NUMBER_OBJECT_CONVERSION = YES_AGGRESSIVE;
				CLANG_CXX_LANGUAGE_STANDARD = "gnu++20";
				CLANG_ENABLE_MODULES = YES;
				CLANG_ENABLE_OBJC_ARC = YES;
				CLANG_ENABLE_OBJC_WEAK = YES;
				CLANG_WARN_BLOCK_CAPTURE_AUTORELEASING = YES;
				CLANG_WARN_BOOL_CONVERSION = YES;
				CLANG_WARN_COMMA = YES;
				CLANG_WARN_CONSTANT_CONVERSION = YES;
				CLANG_WARN_DEPRECATED_OBJC_IMPLEMENTATIONS = YES;
				CLANG_WARN_DIRECT_OBJC_ISA_USAGE = YES_ERROR;
				CLANG_WARN_DOCUMENTATION_COMMENTS = YES;
				CLANG_WARN_EMPTY_BODY = YES;
				CLANG_WARN_ENUM_CONVERSION = YES;
				CLANG_WARN_INFINITE_RECURSION = YES;
				CLANG_WARN_INT_CONVERSION = YES;
				CLANG_WARN_NON_LITERAL_NULL_CONVERSION = YES;
				CLANG_WARN_OBJC_IMPLICIT_RETAIN_SELF = YES;
				CLANG_WARN_OBJC_LITERAL_CONVERSION = YES;
				CLANG_WARN_OBJC_ROOT_CLASS = YES_ERROR;
				CLANG_WARN_QUOTED_INCLUDE_IN_FRAMEWORK_HEADER = YES;
				CLANG_WARN_RANGE_LOOP_ANALYSIS = YES;
				CLANG_WARN_STRICT_PROTOTYPES = YES;
				CLANG_WARN_SUSPICIOUS_MOVE = YES;
				CLANG_WARN_UNGUARDED_AVAILABILITY = YES_AGGRESSIVE;
				CLANG_WARN_UNREACHABLE_CODE = YES;
				CLANG_WARN__DUPLICATE_METHOD_MATCH = YES;
				COPY_PHASE_STRIP = NO;
				DEBUG_INFORMATION_FORMAT = dwarf;
				ENABLE_STRICT_OBJC_MSGSEND = YES;
				ENABLE_TESTABILITY = YES;
				ENABLE_USER_SCRIPT_SANDBOXING = YES;
				GCC_C_LANGUAGE_STANDARD = gnu17;
				GCC_DYNAMIC_NO_PIC = NO;
				GCC_NO_COMMON_BLOCKS = YES;
				GCC_OPTIMIZATION_LEVEL = 0;
				GCC_PREPROCESSOR_DEFINITIONS = (
					"DEBUG=1",
					"$(inherited)",
				);
				GCC_WARN_64_TO_32_BIT_CONVERSION = YES;
				GCC_WARN_ABOUT_RETURN_TYPE = YES_ERROR;
				GCC_WARN_UNDECLARED_SELECTOR = YES;
				GCC_WARN_UNINITIALIZED_AUTOS = YES_AGGRESSIVE;
				GCC_WARN_UNUSED_FUNCTION = YES;
				GCC_WARN_UNUSED_VARIABLE = YES;
				IPHONEOS_DEPLOYMENT_TARGET = 17.4;
				LOCALIZATION_PREFERS_STRING_CATALOGS = YES;
				MTL_ENABLE_DEBUG_INFO = INCLUDE_SOURCE;
				MTL_FAST_MATH = YES;
				ONLY_ACTIVE_ARCH = YES;
				SDKROOT = iphoneos;
				SWIFT_ACTIVE_COMPILATION_CONDITIONS = "DEBUG $(inherited)";
				SWIFT_OPTIMIZATION_LEVEL = "-Onone";
			};
			name = Debug;
		};
		A9F4C94F2CBCF2E60003CF24 /* Release */ = {
			isa = XCBuildConfiguration;
			buildSettings = {
				ALWAYS_SEARCH_USER_PATHS = NO;
				ASSETCATALOG_COMPILER_GENERATE_SWIFT_ASSET_SYMBOL_EXTENSIONS = YES;
				CLANG_ANALYZER_NONNULL = YES;
				CLANG_ANALYZER_NUMBER_OBJECT_CONVERSION = YES_AGGRESSIVE;
				CLANG_CXX_LANGUAGE_STANDARD = "gnu++20";
				CLANG_ENABLE_MODULES = YES;
				CLANG_ENABLE_OBJC_ARC = YES;
				CLANG_ENABLE_OBJC_WEAK = YES;
				CLANG_WARN_BLOCK_CAPTURE_AUTORELEASING = YES;
				CLANG_WARN_BOOL_CONVERSION = YES;
				CLANG_WARN_COMMA = YES;
				CLANG_WARN_CONSTANT_CONVERSION = YES;
				CLANG_WARN_DEPRECATED_OBJC_IMPLEMENTATIONS = YES;
				CLANG_WARN_DIRECT_OBJC_ISA_USAGE = YES_ERROR;
				CLANG_WARN_DOCUMENTATION_COMMENTS = YES;
				CLANG_WARN_EMPTY_BODY = YES;
				CLANG_WARN_ENUM_CONVERSION = YES;
				CLANG_WARN_INFINITE_RECURSION = YES;
				CLANG_WARN_INT_CONVERSION = YES;
				CLANG_WARN_NON_LITERAL_NULL_CONVERSION = YES;
				CLANG_WARN_OBJC_IMPLICIT_RETAIN_SELF = YES;
				CLANG_WARN_OBJC_LITERAL_CONVERSION = YES;
				CLANG_WARN_OBJC_ROOT_CLASS = YES_ERROR;
				CLANG_WARN_QUOTED_INCLUDE_IN_FRAMEWORK_HEADER = YES;
				CLANG_WARN_RANGE_LOOP_ANALYSIS = YES;
				CLANG_WARN_STRICT_PROTOTYPES = YES;
				CLANG_WARN_SUSPICIOUS_MOVE = YES;
				CLANG_WARN_UNGUARDED_AVAILABILITY = YES_AGGRESSIVE;
				CLANG_WARN_UNREACHABLE_CODE = YES;
				CLANG_WARN__DUPLICATE_METHOD_MATCH = YES;
				COPY_PHASE_STRIP = NO;
				DEBUG_INFORMATION_FORMAT = "dwarf-with-dsym";
				ENABLE_NS_ASSERTIONS = NO;
				ENABLE_STRICT_OBJC_MSGSEND = YES;
				ENABLE_USER_SCRIPT_SANDBOXING = YES;
				GCC_C_LANGUAGE_STANDARD = gnu17;
				GCC_NO_COMMON_BLOCKS = YES;
				GCC_WARN_64_TO_32_BIT_CONVERSION = YES;
				GCC_WARN_ABOUT_RETURN_TYPE = YES_ERROR;
				GCC_WARN_UNDECLARED_SELECTOR = YES;
				GCC_WARN_UNINITIALIZED_AUTOS = YES_AGGRESSIVE;
				GCC_WARN_UNUSED_FUNCTION = YES;
				GCC_WARN_UNUSED_VARIABLE = YES;
				IPHONEOS_DEPLOYMENT_TARGET = 17.4;
				LOCALIZATION_PREFERS_STRING_CATALOGS = YES;
				MTL_ENABLE_DEBUG_INFO = NO;
				MTL_FAST_MATH = YES;
				SDKROOT = iphoneos;
				SWIFT_COMPILATION_MODE = wholemodule;
				VALIDATE_PRODUCT = YES;
			};
			name = Release;
		};
		A9F4C9512CBCF2E60003CF24 /* Debug */ = {
			isa = XCBuildConfiguration;
			baseConfigurationReference = DFD9A788BF7DE10E54EFBDCB /* Pods-WhatsApp.debug.xcconfig */;
			buildSettings = {
				ASSETCATALOG_COMPILER_APPICON_NAME = AppIcon;
				ASSETCATALOG_COMPILER_GLOBAL_ACCENT_COLOR_NAME = AccentColor;
				CODE_SIGN_STYLE = Automatic;
				CURRENT_PROJECT_VERSION = 1;
				DEVELOPMENT_TEAM = WM6LMW58YJ;
				ENABLE_USER_SCRIPT_SANDBOXING = NO;
				GENERATE_INFOPLIST_FILE = YES;
				INFOPLIST_FILE = WhatsApp/Info.plist;
				INFOPLIST_KEY_UIApplicationSupportsIndirectInputEvents = YES;
				INFOPLIST_KEY_UILaunchStoryboardName = LaunchScreen;
				INFOPLIST_KEY_UIMainStoryboardFile = Main;
				INFOPLIST_KEY_UISupportedInterfaceOrientations_iPad = "UIInterfaceOrientationPortrait UIInterfaceOrientationPortraitUpsideDown UIInterfaceOrientationLandscapeLeft UIInterfaceOrientationLandscapeRight";
				INFOPLIST_KEY_UISupportedInterfaceOrientations_iPhone = "UIInterfaceOrientationPortrait UIInterfaceOrientationLandscapeLeft UIInterfaceOrientationLandscapeRight";
				IPHONEOS_DEPLOYMENT_TARGET = 13;
				LD_RUNPATH_SEARCH_PATHS = (
					"$(inherited)",
					"@executable_path/Frameworks",
				);
				MARKETING_VERSION = 1.0;
				PRODUCT_BUNDLE_IDENTIFIER = com.gajananbidwai.WhatsApp;
				PRODUCT_NAME = "$(TARGET_NAME)";
				SWIFT_EMIT_LOC_STRINGS = YES;
				SWIFT_VERSION = 5.0;
				TARGETED_DEVICE_FAMILY = "1,2";
			};
			name = Debug;
		};
		A9F4C9522CBCF2E60003CF24 /* Release */ = {
			isa = XCBuildConfiguration;
			baseConfigurationReference = E7F682A5177FAC15B13ED91B /* Pods-WhatsApp.release.xcconfig */;
			buildSettings = {
				ASSETCATALOG_COMPILER_APPICON_NAME = AppIcon;
				ASSETCATALOG_COMPILER_GLOBAL_ACCENT_COLOR_NAME = AccentColor;
				CODE_SIGN_STYLE = Automatic;
				CURRENT_PROJECT_VERSION = 1;
				DEVELOPMENT_TEAM = WM6LMW58YJ;
				ENABLE_USER_SCRIPT_SANDBOXING = NO;
				GENERATE_INFOPLIST_FILE = YES;
				INFOPLIST_FILE = WhatsApp/Info.plist;
				INFOPLIST_KEY_UIApplicationSupportsIndirectInputEvents = YES;
				INFOPLIST_KEY_UILaunchStoryboardName = LaunchScreen;
				INFOPLIST_KEY_UIMainStoryboardFile = Main;
				INFOPLIST_KEY_UISupportedInterfaceOrientations_iPad = "UIInterfaceOrientationPortrait UIInterfaceOrientationPortraitUpsideDown UIInterfaceOrientationLandscapeLeft UIInterfaceOrientationLandscapeRight";
				INFOPLIST_KEY_UISupportedInterfaceOrientations_iPhone = "UIInterfaceOrientationPortrait UIInterfaceOrientationLandscapeLeft UIInterfaceOrientationLandscapeRight";
				IPHONEOS_DEPLOYMENT_TARGET = 13;
				LD_RUNPATH_SEARCH_PATHS = (
					"$(inherited)",
					"@executable_path/Frameworks",
				);
				MARKETING_VERSION = 1.0;
				PRODUCT_BUNDLE_IDENTIFIER = com.gajananbidwai.WhatsApp;
				PRODUCT_NAME = "$(TARGET_NAME)";
				SWIFT_EMIT_LOC_STRINGS = YES;
				SWIFT_VERSION = 5.0;
				TARGETED_DEVICE_FAMILY = "1,2";
			};
			name = Release;
		};
		A9F4C9542CBCF2E60003CF24 /* Debug */ = {
			isa = XCBuildConfiguration;
			baseConfigurationReference = 9B8350A02209240F9E454448 /* Pods-WhatsAppTests.debug.xcconfig */;
			buildSettings = {
				ALWAYS_EMBED_SWIFT_STANDARD_LIBRARIES = YES;
				BUNDLE_LOADER = "$(TEST_HOST)";
				CODE_SIGN_STYLE = Automatic;
				CURRENT_PROJECT_VERSION = 1;
				DEVELOPMENT_TEAM = WM6LMW58YJ;
				GENERATE_INFOPLIST_FILE = YES;
				IPHONEOS_DEPLOYMENT_TARGET = 17.4;
				MARKETING_VERSION = 1.0;
				PRODUCT_BUNDLE_IDENTIFIER = com.gajananbidwai.WhatsAppTests;
				PRODUCT_NAME = "$(TARGET_NAME)";
				SWIFT_EMIT_LOC_STRINGS = NO;
				SWIFT_VERSION = 5.0;
				TARGETED_DEVICE_FAMILY = "1,2";
				TEST_HOST = "$(BUILT_PRODUCTS_DIR)/WhatsApp.app/$(BUNDLE_EXECUTABLE_FOLDER_PATH)/WhatsApp";
			};
			name = Debug;
		};
		A9F4C9552CBCF2E60003CF24 /* Release */ = {
			isa = XCBuildConfiguration;
			baseConfigurationReference = 58FEFD52988F41BED9864B49 /* Pods-WhatsAppTests.release.xcconfig */;
			buildSettings = {
				ALWAYS_EMBED_SWIFT_STANDARD_LIBRARIES = YES;
				BUNDLE_LOADER = "$(TEST_HOST)";
				CODE_SIGN_STYLE = Automatic;
				CURRENT_PROJECT_VERSION = 1;
				DEVELOPMENT_TEAM = WM6LMW58YJ;
				GENERATE_INFOPLIST_FILE = YES;
				IPHONEOS_DEPLOYMENT_TARGET = 17.4;
				MARKETING_VERSION = 1.0;
				PRODUCT_BUNDLE_IDENTIFIER = com.gajananbidwai.WhatsAppTests;
				PRODUCT_NAME = "$(TARGET_NAME)";
				SWIFT_EMIT_LOC_STRINGS = NO;
				SWIFT_VERSION = 5.0;
				TARGETED_DEVICE_FAMILY = "1,2";
				TEST_HOST = "$(BUILT_PRODUCTS_DIR)/WhatsApp.app/$(BUNDLE_EXECUTABLE_FOLDER_PATH)/WhatsApp";
			};
			name = Release;
		};
		A9F4C9572CBCF2E60003CF24 /* Debug */ = {
			isa = XCBuildConfiguration;
			baseConfigurationReference = 11490C72F38C4131AB59C50D /* Pods-WhatsApp-WhatsAppUITests.debug.xcconfig */;
			buildSettings = {
				ALWAYS_EMBED_SWIFT_STANDARD_LIBRARIES = YES;
				CODE_SIGN_STYLE = Automatic;
				CURRENT_PROJECT_VERSION = 1;
				DEVELOPMENT_TEAM = WM6LMW58YJ;
				GENERATE_INFOPLIST_FILE = YES;
				MARKETING_VERSION = 1.0;
				PRODUCT_BUNDLE_IDENTIFIER = com.gajananbidwai.WhatsAppUITests;
				PRODUCT_NAME = "$(TARGET_NAME)";
				SWIFT_EMIT_LOC_STRINGS = NO;
				SWIFT_VERSION = 5.0;
				TARGETED_DEVICE_FAMILY = "1,2";
				TEST_TARGET_NAME = WhatsApp;
			};
			name = Debug;
		};
		A9F4C9582CBCF2E60003CF24 /* Release */ = {
			isa = XCBuildConfiguration;
			baseConfigurationReference = 37DCAA361D235A68BCC48FC5 /* Pods-WhatsApp-WhatsAppUITests.release.xcconfig */;
			buildSettings = {
				ALWAYS_EMBED_SWIFT_STANDARD_LIBRARIES = YES;
				CODE_SIGN_STYLE = Automatic;
				CURRENT_PROJECT_VERSION = 1;
				DEVELOPMENT_TEAM = WM6LMW58YJ;
				GENERATE_INFOPLIST_FILE = YES;
				MARKETING_VERSION = 1.0;
				PRODUCT_BUNDLE_IDENTIFIER = com.gajananbidwai.WhatsAppUITests;
				PRODUCT_NAME = "$(TARGET_NAME)";
				SWIFT_EMIT_LOC_STRINGS = NO;
				SWIFT_VERSION = 5.0;
				TARGETED_DEVICE_FAMILY = "1,2";
				TEST_TARGET_NAME = WhatsApp;
			};
			name = Release;
		};
/* End XCBuildConfiguration section */

/* Begin XCConfigurationList section */
		A9F4C91E2CBCF2E30003CF24 /* Build configuration list for PBXProject "WhatsApp" */ = {
			isa = XCConfigurationList;
			buildConfigurations = (
				A9F4C94E2CBCF2E60003CF24 /* Debug */,
				A9F4C94F2CBCF2E60003CF24 /* Release */,
			);
			defaultConfigurationIsVisible = 0;
			defaultConfigurationName = Release;
		};
		A9F4C9502CBCF2E60003CF24 /* Build configuration list for PBXNativeTarget "WhatsApp" */ = {
			isa = XCConfigurationList;
			buildConfigurations = (
				A9F4C9512CBCF2E60003CF24 /* Debug */,
				A9F4C9522CBCF2E60003CF24 /* Release */,
			);
			defaultConfigurationIsVisible = 0;
			defaultConfigurationName = Release;
		};
		A9F4C9532CBCF2E60003CF24 /* Build configuration list for PBXNativeTarget "WhatsAppTests" */ = {
			isa = XCConfigurationList;
			buildConfigurations = (
				A9F4C9542CBCF2E60003CF24 /* Debug */,
				A9F4C9552CBCF2E60003CF24 /* Release */,
			);
			defaultConfigurationIsVisible = 0;
			defaultConfigurationName = Release;
		};
		A9F4C9562CBCF2E60003CF24 /* Build configuration list for PBXNativeTarget "WhatsAppUITests" */ = {
			isa = XCConfigurationList;
			buildConfigurations = (
				A9F4C9572CBCF2E60003CF24 /* Debug */,
				A9F4C9582CBCF2E60003CF24 /* Release */,
			);
			defaultConfigurationIsVisible = 0;
			defaultConfigurationName = Release;
		};
/* End XCConfigurationList section */

/* Begin XCVersionGroup section */
		A9F4C92F2CBCF2E30003CF24 /* WhatsApp.xcdatamodeld */ = {
			isa = XCVersionGroup;
			children = (
				A9F4C9302CBCF2E30003CF24 /* WhatsApp.xcdatamodel */,
			);
			currentVersion = A9F4C9302CBCF2E30003CF24 /* WhatsApp.xcdatamodel */;
			path = WhatsApp.xcdatamodeld;
			sourceTree = "<group>";
			versionGroupType = wrapper.xcdatamodel;
		};
/* End XCVersionGroup section */
	};
	rootObject = A9F4C91B2CBCF2E30003CF24 /* Project object */;
}
